
Microsoft Visual Studio Solution File, Format Version 12.00
# Visual Studio Version 17
VisualStudioVersion = 17.14.36518.9 d17.14
MinimumVisualStudioVersion = 10.0.40219.1
Project("{FAE04EC0-301F-11D3-BF4B-00C04F79EFBC}") = "HelthTrack", "HelthTrack\HelthTrack.csproj", "{910393DC-50E8-4FFD-BEEB-39E2B9785454}"
EndProject
Global
	GlobalSection(SolutionConfigurationPlatforms) = preSolution
		Debug|Any CPU = Debug|Any CPU
		Release|Any CPU = Release|Any CPU
	EndGlobalSection
	GlobalSection(ProjectConfigurationPlatforms) = postSolution
		{910393DC-50E8-4FFD-BEEB-39E2B9785454}.Debug|Any CPU.ActiveCfg = Debug|Any CPU
		{910393DC-50E8-4FFD-BEEB-39E2B9785454}.Debug|Any CPU.Build.0 = Debug|Any CPU
		{910393DC-50E8-4FFD-BEEB-39E2B9785454}.Release|Any CPU.ActiveCfg = Release|Any CPU
		{910393DC-50E8-4FFD-BEEB-39E2B9785454}.Release|Any CPU.Build.0 = Release|Any CPU
	EndGlobalSection
	GlobalSection(SolutionProperties) = preSolution
		HideSolutionNode = FALSE
	EndGlobalSection
	GlobalSection(ExtensibilityGlobals) = postSolution
		SolutionGuid = {9F1B2F07-7C37-40AD-BEF1-58544E82FD91}
	EndGlobalSection
EndGlobal
